
Microsoft Visual Studio Solution File, Format Version 12.00
# Visual Studio 15
VisualStudioVersion = 15.0.28307.489
MinimumVisualStudioVersion = 10.0.40219.1
Project("{FAE04EC0-301F-11D3-BF4B-00C04F79EFBC}") = "TravelRecordApp.Android", "TravelRecordApp\TravelRecordApp.Android\TravelRecordApp.Android.csproj", "{26D4D53A-9006-4196-B4D6-0EE258294344}"
EndProject
Project("{FAE04EC0-301F-11D3-BF4B-00C04F79EFBC}") = "TravelRecordApp.iOS", "TravelRecordApp\TravelRecordApp.iOS\TravelRecordApp.iOS.csproj", "{8BADC8D1-DB0E-46DF-BA95-06DC220DE2FE}"
EndProject
Project("{FAE04EC0-301F-11D3-BF4B-00C04F79EFBC}") = "TravelRecordApp", "TravelRecordApp\TravelRecordApp\TravelRecordApp.csproj", "{6AD4F59A-E7DB-4423-B39A-A11ECD6F1FE3}"
EndProject
Global
	GlobalSection(SolutionConfigurationPlatforms) = preSolution
		Ad-Hoc|Any CPU = Ad-Hoc|Any CPU
		Ad-Hoc|iPhone = Ad-Hoc|iPhone
		Ad-Hoc|iPhoneSimulator = Ad-Hoc|iPhoneSimulator
		AppStore|Any CPU = AppStore|Any CPU
		AppStore|iPhone = AppStore|iPhone
		AppStore|iPhoneSimulator = AppStore|iPhoneSimulator
		Debug|Any CPU = Debug|Any CPU
		Debug|iPhone = Debug|iPhone
		Debug|iPhoneSimulator = Debug|iPhoneSimulator
		Release|Any CPU = Release|Any CPU
		Release|iPhone = Release|iPhone
		Release|iPhoneSimulator = Release|iPhoneSimulator
	EndGlobalSection
	GlobalSection(ProjectConfigurationPlatforms) = postSolution
		{26D4D53A-9006-4196-B4D6-0EE258294344}.Ad-Hoc|Any CPU.ActiveCfg = Release|Any CPU
		{26D4D53A-9006-4196-B4D6-0EE258294344}.Ad-Hoc|Any CPU.Build.0 = Release|Any CPU
		{26D4D53A-9006-4196-B4D6-0EE258294344}.Ad-Hoc|Any CPU.Deploy.0 = Release|Any CPU
		{26D4D53A-9006-4196-B4D6-0EE258294344}.Ad-Hoc|iPhone.ActiveCfg = Release|Any CPU
		{26D4D53A-9006-4196-B4D6-0EE258294344}.Ad-Hoc|iPhone.Build.0 = Release|Any CPU
		{26D4D53A-9006-4196-B4D6-0EE258294344}.Ad-Hoc|iPhone.Deploy.0 = Release|Any CPU
		{26D4D53A-9006-4196-B4D6-0EE258294344}.Ad-Hoc|iPhoneSimulator.ActiveCfg = Release|Any CPU
		{26D4D53A-9006-4196-B4D6-0EE258294344}.Ad-Hoc|iPhoneSimulator.Build.0 = Release|Any CPU
		{26D4D53A-9006-4196-B4D6-0EE258294344}.Ad-Hoc|iPhoneSimulator.Deploy.0 = Release|Any CPU
		{26D4D53A-9006-4196-B4D6-0EE258294344}.AppStore|Any CPU.ActiveCfg = Release|Any CPU
		{26D4D53A-9006-4196-B4D6-0EE258294344}.AppStore|Any CPU.Build.0 = Release|Any CPU
		{26D4D53A-9006-4196-B4D6-0EE258294344}.AppStore|Any CPU.Deploy.0 = Release|Any CPU
		{26D4D53A-9006-4196-B4D6-0EE258294344}.AppStore|iPhone.ActiveCfg = Release|Any CPU
		{26D4D53A-9006-4196-B4D6-0EE258294344}.AppStore|iPhone.Build.0 = Release|Any CPU
		{26D4D53A-9006-4196-B4D6-0EE258294344}.AppStore|iPhone.Deploy.0 = Release|Any CPU
		{26D4D53A-9006-4196-B4D6-0EE258294344}.AppStore|iPhoneSimulator.ActiveCfg = Release|Any CPU
		{26D4D53A-9006-4196-B4D6-0EE258294344}.AppStore|iPhoneSimulator.Build.0 = Release|Any CPU
		{26D4D53A-9006-4196-B4D6-0EE258294344}.AppStore|iPhoneSimulator.Deploy.0 = Release|Any CPU
		{26D4D53A-9006-4196-B4D6-0EE258294344}.Debug|Any CPU.ActiveCfg = Debug|Any CPU
		{26D4D53A-9006-4196-B4D6-0EE258294344}.Debug|Any CPU.Build.0 = Debug|Any CPU
		{26D4D53A-9006-4196-B4D6-0EE258294344}.Debug|Any CPU.Deploy.0 = Debug|Any CPU
		{26D4D53A-9006-4196-B4D6-0EE258294344}.Debug|iPhone.ActiveCfg = Debug|Any CPU
		{26D4D53A-9006-4196-B4D6-0EE258294344}.Debug|iPhone.Build.0 = Debug|Any CPU
		{26D4D53A-9006-4196-B4D6-0EE258294344}.Debug|iPhone.Deploy.0 = Debug|Any CPU
		{26D4D53A-9006-4196-B4D6-0EE258294344}.Debug|iPhoneSimulator.ActiveCfg = Debug|Any CPU
		{26D4D53A-9006-4196-B4D6-0EE258294344}.Debug|iPhoneSimulator.Build.0 = Debug|Any CPU
		{26D4D53A-9006-4196-B4D6-0EE258294344}.Debug|iPhoneSimulator.Deploy.0 = Debug|Any CPU
		{26D4D53A-9006-4196-B4D6-0EE258294344}.Release|Any CPU.ActiveCfg = Release|Any CPU
		{26D4D53A-9006-4196-B4D6-0EE258294344}.Release|Any CPU.Build.0 = Release|Any CPU
		{26D4D53A-9006-4196-B4D6-0EE258294344}.Release|Any CPU.Deploy.0 = Release|Any CPU
		{26D4D53A-9006-4196-B4D6-0EE258294344}.Release|iPhone.ActiveCfg = Release|Any CPU
		{26D4D53A-9006-4196-B4D6-0EE258294344}.Release|iPhone.Build.0 = Release|Any CPU
		{26D4D53A-9006-4196-B4D6-0EE258294344}.Release|iPhone.Deploy.0 = Release|Any CPU
		{26D4D53A-9006-4196-B4D6-0EE258294344}.Release|iPhoneSimulator.ActiveCfg = Release|Any CPU
		{26D4D53A-9006-4196-B4D6-0EE258294344}.Release|iPhoneSimulator.Build.0 = Release|Any CPU
		{26D4D53A-9006-4196-B4D6-0EE258294344}.Release|iPhoneSimulator.Deploy.0 = Release|Any CPU
		{8BADC8D1-DB0E-46DF-BA95-06DC220DE2FE}.Ad-Hoc|Any CPU.ActiveCfg = Ad-Hoc|iPhone
		{8BADC8D1-DB0E-46DF-BA95-06DC220DE2FE}.Ad-Hoc|Any CPU.Build.0 = Ad-Hoc|iPhone
		{8BADC8D1-DB0E-46DF-BA95-06DC220DE2FE}.Ad-Hoc|Any CPU.Deploy.0 = Ad-Hoc|iPhone
		{8BADC8D1-DB0E-46DF-BA95-06DC220DE2FE}.Ad-Hoc|iPhone.ActiveCfg = Ad-Hoc|iPhone
		{8BADC8D1-DB0E-46DF-BA95-06DC220DE2FE}.Ad-Hoc|iPhone.Build.0 = Ad-Hoc|iPhone
		{8BADC8D1-DB0E-46DF-BA95-06DC220DE2FE}.Ad-Hoc|iPhone.Deploy.0 = Ad-Hoc|iPhone
		{8BADC8D1-DB0E-46DF-BA95-06DC220DE2FE}.Ad-Hoc|iPhoneSimulator.ActiveCfg = Ad-Hoc|iPhoneSimulator
		{8BADC8D1-DB0E-46DF-BA95-06DC220DE2FE}.Ad-Hoc|iPhoneSimulator.Build.0 = Ad-Hoc|iPhoneSimulator
		{8BADC8D1-DB0E-46DF-BA95-06DC220DE2FE}.Ad-Hoc|iPhoneSimulator.Deploy.0 = Ad-Hoc|iPhoneSimulator
		{8BADC8D1-DB0E-46DF-BA95-06DC220DE2FE}.AppStore|Any CPU.ActiveCfg = AppStore|iPhone
		{8BADC8D1-DB0E-46DF-BA95-06DC220DE2FE}.AppStore|Any CPU.Build.0 = AppStore|iPhone
		{8BADC8D1-DB0E-46DF-BA95-06DC220DE2FE}.AppStore|Any CPU.Deploy.0 = AppStore|iPhone
		{8BADC8D1-DB0E-46DF-BA95-06DC220DE2FE}.AppStore|iPhone.ActiveCfg = AppStore|iPhone
		{8BADC8D1-DB0E-46DF-BA95-06DC220DE2FE}.AppStore|iPhone.Build.0 = AppStore|iPhone
		{8BADC8D1-DB0E-46DF-BA95-06DC220DE2FE}.AppStore|iPhone.Deploy.0 = AppStore|iPhone
		{8BADC8D1-DB0E-46DF-BA95-06DC220DE2FE}.AppStore|iPhoneSimulator.ActiveCfg = AppStore|iPhoneSimulator
		{8BADC8D1-DB0E-46DF-BA95-06DC220DE2FE}.AppStore|iPhoneSimulator.Build.0 = AppStore|iPhoneSimulator
		{8BADC8D1-DB0E-46DF-BA95-06DC220DE2FE}.AppStore|iPhoneSimulator.Deploy.0 = AppStore|iPhoneSimulator
		{8BADC8D1-DB0E-46DF-BA95-06DC220DE2FE}.Debug|Any CPU.ActiveCfg = Debug|iPhoneSimulator
		{8BADC8D1-DB0E-46DF-BA95-06DC220DE2FE}.Debug|Any CPU.Build.0 = Debug|iPhoneSimulator
		{8BADC8D1-DB0E-46DF-BA95-06DC220DE2FE}.Debug|Any CPU.Deploy.0 = Debug|iPhoneSimulator
		{8BADC8D1-DB0E-46DF-BA95-06DC220DE2FE}.Debug|iPhone.ActiveCfg = Debug|iPhone
		{8BADC8D1-DB0E-46DF-BA95-06DC220DE2FE}.Debug|iPhone.Build.0 = Debug|iPhone
		{8BADC8D1-DB0E-46DF-BA95-06DC220DE2FE}.Debug|iPhone.Deploy.0 = Debug|iPhone
		{8BADC8D1-DB0E-46DF-BA95-06DC220DE2FE}.Debug|iPhoneSimulator.ActiveCfg = Debug|iPhoneSimulator
		{8BADC8D1-DB0E-46DF-BA95-06DC220DE2FE}.Debug|iPhoneSimulator.Build.0 = Debug|iPhoneSimulator
		{8BADC8D1-DB0E-46DF-BA95-06DC220DE2FE}.Debug|iPhoneSimulator.Deploy.0 = Debug|iPhoneSimulator
		{8BADC8D1-DB0E-46DF-BA95-06DC220DE2FE}.Release|Any CPU.ActiveCfg = Release|iPhone
		{8BADC8D1-DB0E-46DF-BA95-06DC220DE2FE}.Release|Any CPU.Build.0 = Release|iPhone
		{8BADC8D1-DB0E-46DF-BA95-06DC220DE2FE}.Release|Any CPU.Deploy.0 = Release|iPhone
		{8BADC8D1-DB0E-46DF-BA95-06DC220DE2FE}.Release|iPhone.ActiveCfg = Release|iPhone
		{8BADC8D1-DB0E-46DF-BA95-06DC220DE2FE}.Release|iPhone.Build.0 = Release|iPhone
		{8BADC8D1-DB0E-46DF-BA95-06DC220DE2FE}.Release|iPhone.Deploy.0 = Release|iPhone
		{8BADC8D1-DB0E-46DF-BA95-06DC220DE2FE}.Release|iPhoneSimulator.ActiveCfg = Release|iPhoneSimulator
		{8BADC8D1-DB0E-46DF-BA95-06DC220DE2FE}.Release|iPhoneSimulator.Build.0 = Release|iPhoneSimulator
		{8BADC8D1-DB0E-46DF-BA95-06DC220DE2FE}.Release|iPhoneSimulator.Deploy.0 = Release|iPhoneSimulator
		{6AD4F59A-E7DB-4423-B39A-A11ECD6F1FE3}.Ad-Hoc|Any CPU.ActiveCfg = Debug|Any CPU
		{6AD4F59A-E7DB-4423-B39A-A11ECD6F1FE3}.Ad-Hoc|Any CPU.Build.0 = Debug|Any CPU
		{6AD4F59A-E7DB-4423-B39A-A11ECD6F1FE3}.Ad-Hoc|Any CPU.Deploy.0 = Debug|Any CPU
		{6AD4F59A-E7DB-4423-B39A-A11ECD6F1FE3}.Ad-Hoc|iPhone.ActiveCfg = Debug|Any CPU
		{6AD4F59A-E7DB-4423-B39A-A11ECD6F1FE3}.Ad-Hoc|iPhone.Build.0 = Debug|Any CPU
		{6AD4F59A-E7DB-4423-B39A-A11ECD6F1FE3}.Ad-Hoc|iPhone.Deploy.0 = Debug|Any CPU
		{6AD4F59A-E7DB-4423-B39A-A11ECD6F1FE3}.Ad-Hoc|iPhoneSimulator.ActiveCfg = Debug|Any CPU
		{6AD4F59A-E7DB-4423-B39A-A11ECD6F1FE3}.Ad-Hoc|iPhoneSimulator.Build.0 = Debug|Any CPU
		{6AD4F59A-E7DB-4423-B39A-A11ECD6F1FE3}.Ad-Hoc|iPhoneSimulator.Deploy.0 = Debug|Any CPU
		{6AD4F59A-E7DB-4423-B39A-A11ECD6F1FE3}.AppStore|Any CPU.ActiveCfg = Debug|Any CPU
		{6AD4F59A-E7DB-4423-B39A-A11ECD6F1FE3}.AppStore|Any CPU.Build.0 = Debug|Any CPU
		{6AD4F59A-E7DB-4423-B39A-A11ECD6F1FE3}.AppStore|Any CPU.Deploy.0 = Debug|Any CPU
		{6AD4F59A-E7DB-4423-B39A-A11ECD6F1FE3}.AppStore|iPhone.ActiveCfg = Debug|Any CPU
		{6AD4F59A-E7DB-4423-B39A-A11ECD6F1FE3}.AppStore|iPhone.Build.0 = Debug|Any CPU
		{6AD4F59A-E7DB-4423-B39A-A11ECD6F1FE3}.AppStore|iPhone.Deploy.0 = Debug|Any CPU
		{6AD4F59A-E7DB-4423-B39A-A11ECD6F1FE3}.AppStore|iPhoneSimulator.ActiveCfg = Debug|Any CPU
		{6AD4F59A-E7DB-4423-B39A-A11ECD6F1FE3}.AppStore|iPhoneSimulator.Build.0 = Debug|Any CPU
		{6AD4F59A-E7DB-4423-B39A-A11ECD6F1FE3}.AppStore|iPhoneSimulator.Deploy.0 = Debug|Any CPU
		{6AD4F59A-E7DB-4423-B39A-A11ECD6F1FE3}.Debug|Any CPU.ActiveCfg = Debug|Any CPU
		{6AD4F59A-E7DB-4423-B39A-A11ECD6F1FE3}.Debug|Any CPU.Build.0 = Debug|Any CPU
		{6AD4F59A-E7DB-4423-B39A-A11ECD6F1FE3}.Debug|Any CPU.Deploy.0 = Debug|Any CPU
		{6AD4F59A-E7DB-4423-B39A-A11ECD6F1FE3}.Debug|iPhone.ActiveCfg = Debug|Any CPU
		{6AD4F59A-E7DB-4423-B39A-A11ECD6F1FE3}.Debug|iPhone.Build.0 = Debug|Any CPU
		{6AD4F59A-E7DB-4423-B39A-A11ECD6F1FE3}.Debug|iPhone.Deploy.0 = Debug|Any CPU
		{6AD4F59A-E7DB-4423-B39A-A11ECD6F1FE3}.Debug|iPhoneSimulator.ActiveCfg = Debug|Any CPU
		{6AD4F59A-E7DB-4423-B39A-A11ECD6F1FE3}.Debug|iPhoneSimulator.Build.0 = Debug|Any CPU
		{6AD4F59A-E7DB-4423-B39A-A11ECD6F1FE3}.Debug|iPhoneSimulator.Deploy.0 = Debug|Any CPU
		{6AD4F59A-E7DB-4423-B39A-A11ECD6F1FE3}.Release|Any CPU.ActiveCfg = Release|Any CPU
		{6AD4F59A-E7DB-4423-B39A-A11ECD6F1FE3}.Release|Any CPU.Build.0 = Release|Any CPU
		{6AD4F59A-E7DB-4423-B39A-A11ECD6F1FE3}.Release|Any CPU.Deploy.0 = Release|Any CPU
		{6AD4F59A-E7DB-4423-B39A-A11ECD6F1FE3}.Release|iPhone.ActiveCfg = Release|Any CPU
		{6AD4F59A-E7DB-4423-B39A-A11ECD6F1FE3}.Release|iPhone.Build.0 = Release|Any CPU
		{6AD4F59A-E7DB-4423-B39A-A11ECD6F1FE3}.Release|iPhone.Deploy.0 = Release|Any CPU
		{6AD4F59A-E7DB-4423-B39A-A11ECD6F1FE3}.Release|iPhoneSimulator.ActiveCfg = Release|Any CPU
		{6AD4F59A-E7DB-4423-B39A-A11ECD6F1FE3}.Release|iPhoneSimulator.Build.0 = Release|Any CPU
		{6AD4F59A-E7DB-4423-B39A-A11ECD6F1FE3}.Release|iPhoneSimulator.Deploy.0 = Release|Any CPU
	EndGlobalSection
	GlobalSection(SolutionProperties) = preSolution
		HideSolutionNode = FALSE
	EndGlobalSection
	GlobalSection(ExtensibilityGlobals) = postSolution
		SolutionGuid = {3C28B06D-7595-4160-8474-73933FE7165C}
	EndGlobalSection
EndGlobal
